<?xml version="1.0" encoding="utf-8"?>
<Project ToolsVersion="4.0" xmlns="http://schemas.microsoft.com/developer/msbuild/2003">
  <ItemGroup>
    <Filter Include="code">
      <UniqueIdentifier>{f31d8c4c-c317-4b02-8c78-cc27ffc6d570}</UniqueIdentifier>
    </Filter>
    <Filter Include="code\Character">
      <UniqueIdentifier>{191384c3-f03c-45fe-b70e-fb0d220a0396}</UniqueIdentifier>
    </Filter>
    <Filter Include="code\Shape">
      <UniqueIdentifier>{ea7508fa-c57f-4651-917b-c9b493d524bb}</UniqueIdentifier>
    </Filter>
    <Filter Include="code\Scene">
      <UniqueIdentifier>{ada217cc-d2a9-435b-a878-5fadfb8136e2}</UniqueIdentifier>
    </Filter>
    <Filter Include="code\main">
      <UniqueIdentifier>{756f2d78-86f8-428b-8c6d-4297fb5b86c4}</UniqueIdentifier>
    </Filter>
  </ItemGroup>
  <ItemGroup>
    <ClInclude Include="KH_EX_SakanaM_T\Animate.h">
      <Filter>code</Filter>
    </ClInclude>
    <ClInclude Include="KH_EX_SakanaM_T\Area.h">
      <Filter>code</Filter>
    </ClInclude>
    <ClInclude Include="KH_EX_SakanaM_T\Ball.h">
      <Filter>code</Filter>
    </ClInclude>
    <ClInclude Include="KH_EX_SakanaM_T\Bar.h">
      <Filter>code</Filter>
    </ClInclude>
    <ClInclude Include="KH_EX_SakanaM_T\Boom.h">
      <Filter>code</Filter>
    </ClInclude>
    <ClInclude Include="KH_EX_SakanaM_T\Camera.h">
      <Filter>code</Filter>
    </ClInclude>
    <ClInclude Include="KH_EX_SakanaM_T\Collision.h">
      <Filter>code</Filter>
    </ClInclude>
    <ClInclude Include="KH_EX_SakanaM_T\Hitbox.h">
      <Filter>code</Filter>
    </ClInclude>
    <ClInclude Include="KH_EX_SakanaM_T\Input.h">
      <Filter>code</Filter>
    </ClInclude>
    <ClInclude Include="KH_EX_SakanaM_T\Library.h">
      <Filter>code</Filter>
    </ClInclude>
    <ClInclude Include="KH_EX_SakanaM_T\Map.h">
      <Filter>code</Filter>
    </ClInclude>
    <ClInclude Include="KH_EX_SakanaM_T\Map_Maker.h">
      <Filter>code</Filter>
    </ClInclude>
    <ClInclude Include="KH_EX_SakanaM_T\Matrix.h">
      <Filter>code</Filter>
    </ClInclude>
    <ClInclude Include="KH_EX_SakanaM_T\Object.h">
      <Filter>code</Filter>
    </ClInclude>
    <ClInclude Include="KH_EX_SakanaM_T\Position.h">
      <Filter>code</Filter>
    </ClInclude>
    <ClInclude Include="KH_EX_SakanaM_T\Renderer.h">
      <Filter>code</Filter>
    </ClInclude>
    <ClInclude Include="KH_EX_SakanaM_T\Shape_Maker.h">
      <Filter>code</Filter>
    </ClInclude>
    <ClInclude Include="KH_EX_SakanaM_T\World.h">
      <Filter>code</Filter>
    </ClInclude>
    <ClInclude Include="KH_EX_SakanaM_T\Character.h">
      <Filter>code\Character</Filter>
    </ClInclude>
    <ClInclude Include="KH_EX_SakanaM_T\Crab.h">
      <Filter>code\Character</Filter>
    </ClInclude>
    <ClInclude Include="KH_EX_SakanaM_T\Fish.h">
      <Filter>code\Character</Filter>
    </ClInclude>
    <ClInclude Include="KH_EX_SakanaM_T\Slideboard.h">
      <Filter>code</Filter>
    </ClInclude>
    <ClInclude Include="KH_EX_SakanaM_T\Shape.h">
      <Filter>code\Shape</Filter>
    </ClInclude>
    <ClInclude Include="KH_EX_SakanaM_T\GameScene.h">
      <Filter>code\Scene</Filter>
    </ClInclude>
    <ClInclude Include="KH_EX_SakanaM_T\Scene.h">
      <Filter>code\Scene</Filter>
    </ClInclude>
    <ClInclude Include="KH_EX_SakanaM_T\MainGame.h">
      <Filter>code\main</Filter>
    </ClInclude>
    <ClInclude Include="KH_EX_SakanaM_T\AI.h">
      <Filter>code</Filter>
    </ClInclude>
    <ClInclude Include="KH_EX_SakanaM_T\MenuScene.h">
      <Filter>code\Scene</Filter>
    </ClInclude>
    <ClInclude Include="KH_EX_SakanaM_T\Timer.h">
      <Filter>code</Filter>
    </ClInclude>
    <ClInclude Include="KH_EX_SakanaM_T\Shake.h">
      <Filter>code</Filter>
    </ClInclude>
  </ItemGroup>
  <ItemGroup>
    <ClCompile Include="KH_EX_SakanaM_T\GameScene.cpp">
      <Filter>code\Scene</Filter>
    </ClCompile>
    <ClCompile Include="KH_EX_SakanaM_T\Slideboard.cpp">
      <Filter>code</Filter>
    </ClCompile>
    <ClCompile Include="KH_EX_SakanaM_T\main.cpp">
      <Filter>code\main</Filter>
    </ClCompile>
    <ClCompile Include="KH_EX_SakanaM_T\Crab.cpp">
      <Filter>code\Character</Filter>
    </ClCompile>
    <ClCompile Include="KH_EX_SakanaM_T\Movement.h">
      <Filter>code</Filter>
    </ClCompile>
    <ClCompile Include="KH_EX_SakanaM_T\Ball.cpp">
      <Filter>code</Filter>
    </ClCompile>
    <ClCompile Include="KH_EX_SakanaM_T\struct_static.h">
      <Filter>code</Filter>
    </ClCompile>
    <ClCompile Include="KH_EX_SakanaM_T\World.cpp">
      <Filter>code</Filter>
    </ClCompile>
    <ClCompile Include="KH_EX_SakanaM_T\Fish.cpp">
      <Filter>code\Character</Filter>
    </ClCompile>
  </ItemGroup>
  <ItemGroup>
    <None Include="ClassDiagram.cd" />
  </ItemGroup>
</Project>